// !$*UTF8*$!
{
	archiveVersion = 1;
	classes = {
	};
	objectVersion = 50;
	objects = {

/* Begin PBXBuildFile section */
		17C9A2B721EC51D500331FBC /* AppDelegate.swift in Sources */ = {isa = PBXBuildFile; fileRef = 17C9A2B621EC51D500331FBC /* AppDelegate.swift */; };
		17C9A2B921EC51D500331FBC /* ViewController.swift in Sources */ = {isa = PBXBuildFile; fileRef = 17C9A2B821EC51D500331FBC /* ViewController.swift */; };
		17C9A2BC21EC51D500331FBC /* Main.storyboard in Resources */ = {isa = PBXBuildFile; fileRef = 17C9A2BA21EC51D500331FBC /* Main.storyboard */; };
		17C9A2BE21EC51D700331FBC /* Assets.xcassets in Resources */ = {isa = PBXBuildFile; fileRef = 17C9A2BD21EC51D700331FBC /* Assets.xcassets */; };
		17C9A2C121EC51D700331FBC /* LaunchScreen.storyboard in Resources */ = {isa = PBXBuildFile; fileRef = 17C9A2BF21EC51D700331FBC /* LaunchScreen.storyboard */; };
		17C9A2CC21EC52E300331FBC /* Localizable.strings in Resources */ = {isa = PBXBuildFile; fileRef = 17C9A2CE21EC52E300331FBC /* Localizable.strings */; };
		17C9A2D121EC55B600331FBC /* LocalizationSystem.swift in Sources */ = {isa = PBXBuildFile; fileRef = 17C9A2D021EC55B600331FBC /* LocalizationSystem.swift */; };
		17C9A2D521EC698500331FBC /* 2VC.swift in Sources */ = {isa = PBXBuildFile; fileRef = 17C9A2D421EC698500331FBC /* 2VC.swift */; };
/* End PBXBuildFile section */

/* Begin PBXFileReference section */
		17C9A2B321EC51D500331FBC /* Localisation.app */ = {isa = PBXFileReference; explicitFileType = wrapper.application; includeInIndex = 0; path = Localisation.app; sourceTree = BUILT_PRODUCTS_DIR; };
		17C9A2B621EC51D500331FBC /* AppDelegate.swift */ = {isa = PBXFileReference; lastKnownFileType = sourcecode.swift; path = AppDelegate.swift; sourceTree = "<group>"; };
		17C9A2B821EC51D500331FBC /* ViewController.swift */ = {isa = PBXFileReference; lastKnownFileType = sourcecode.swift; path = ViewController.swift; sourceTree = "<group>"; };
		17C9A2BB21EC51D500331FBC /* Base */ = {isa = PBXFileReference; lastKnownFileType = file.storyboard; name = Base; path = Base.lproj/Main.storyboard; sourceTree = "<group>"; };
		17C9A2BD21EC51D700331FBC /* Assets.xcassets */ = {isa = PBXFileReference; lastKnownFileType = folder.assetcatalog; path = Assets.xcassets; sourceTree = "<group>"; };
		17C9A2C021EC51D700331FBC /* Base */ = {isa = PBXFileReference; lastKnownFileType = file.storyboard; name = Base; path = Base.lproj/LaunchScreen.storyboard; sourceTree = "<group>"; };
		17C9A2C221EC51D700331FBC /* Info.plist */ = {isa = PBXFileReference; lastKnownFileType = text.plist.xml; path = Info.plist; sourceTree = "<group>"; };
		17C9A2C821EC528300331FBC /* de */ = {isa = PBXFileReference; lastKnownFileType = text.plist.strings; name = de; path = de.lproj/Main.strings; sourceTree = "<group>"; };
		17C9A2C921EC528300331FBC /* de */ = {isa = PBXFileReference; lastKnownFileType = text.plist.strings; name = de; path = de.lproj/LaunchScreen.strings; sourceTree = "<group>"; };
		17C9A2CD21EC52E300331FBC /* de */ = {isa = PBXFileReference; lastKnownFileType = text.plist.strings; name = de; path = de.lproj/Localizable.strings; sourceTree = "<group>"; };
		17C9A2CF21EC52EE00331FBC /* en */ = {isa = PBXFileReference; lastKnownFileType = text.plist.strings; name = en; path = en.lproj/Localizable.strings; sourceTree = "<group>"; };
		17C9A2D021EC55B600331FBC /* LocalizationSystem.swift */ = {isa = PBXFileReference; fileEncoding = 4; lastKnownFileType = sourcecode.swift; path = LocalizationSystem.swift; sourceTree = "<group>"; };
		17C9A2D421EC698500331FBC /* 2VC.swift */ = {isa = PBXFileReference; lastKnownFileType = sourcecode.swift; path = 2VC.swift; sourceTree = "<group>"; };
/* End PBXFileReference section */

/* Begin PBXFrameworksBuildPhase section */
		17C9A2B021EC51D500331FBC /* Frameworks */ = {
			isa = PBXFrameworksBuildPhase;
			buildActionMask = 2147483647;
			files = (
			);
			runOnlyForDeploymentPostprocessing = 0;
		};
/* End PBXFrameworksBuildPhase section */

/* Begin PBXGroup section */
		17C9A2AA21EC51D500331FBC = {
			isa = PBXGroup;
			children = (
				17C9A2B521EC51D500331FBC /* Localisation */,
				17C9A2B421EC51D500331FBC /* Products */,
			);
			sourceTree = "<group>";
		};
		17C9A2B421EC51D500331FBC /* Products */ = {
			isa = PBXGroup;
			children = (
				17C9A2B321EC51D500331FBC /* Localisation.app */,
			);
			name = Products;
			sourceTree = "<group>";
		};
		17C9A2B521EC51D500331FBC /* Localisation */ = {
			isa = PBXGroup;
			children = (
				17C9A2D021EC55B600331FBC /* LocalizationSystem.swift */,
				17C9A2B621EC51D500331FBC /* AppDelegate.swift */,
				17C9A2D421EC698500331FBC /* 2VC.swift */,
				17C9A2B821EC51D500331FBC /* ViewController.swift */,
				17C9A2CE21EC52E300331FBC /* Localizable.strings */,
				17C9A2BA21EC51D500331FBC /* Main.storyboard */,
				17C9A2BD21EC51D700331FBC /* Assets.xcassets */,
				17C9A2BF21EC51D700331FBC /* LaunchScreen.storyboard */,
				17C9A2C221EC51D700331FBC /* Info.plist */,
			);
			path = Localisation;
			sourceTree = "<group>";
		};
/* End PBXGroup section */

/* Begin PBXNativeTarget section */
		17C9A2B221EC51D500331FBC /* Localisation */ = {
			isa = PBXNativeTarget;
			buildConfigurationList = 17C9A2C521EC51D700331FBC /* Build configuration list for PBXNativeTarget "Localisation" */;
			buildPhases = (
				17C9A2AF21EC51D500331FBC /* Sources */,
				17C9A2B021EC51D500331FBC /* Frameworks */,
				17C9A2B121EC51D500331FBC /* Resources */,
			);
			buildRules = (
			);
			dependencies = (
			);
			name = Localisation;
			productName = Localisation;
			productReference = 17C9A2B321EC51D500331FBC /* Localisation.app */;
			productType = "com.apple.product-type.application";
		};
/* End PBXNativeTarget section */

/* Begin PBXProject section */
		17C9A2AB21EC51D500331FBC /* Project object */ = {
			isa = PBXProject;
			attributes = {
				LastSwiftUpdateCheck = 1010;
				LastUpgradeCheck = 1010;
				ORGANIZATIONNAME = "Riverswave Technologies, India";
				TargetAttributes = {
					17C9A2B221EC51D500331FBC = {
						CreatedOnToolsVersion = 10.1;
					};
				};
			};
			buildConfigurationList = 17C9A2AE21EC51D500331FBC /* Build configuration list for PBXProject "Localisation" */;
			compatibilityVersion = "Xcode 9.3";
			developmentRegion = en;
			hasScannedForEncodings = 0;
			knownRegions = (
				en,
				Base,
			);
			mainGroup = 17C9A2AA21EC51D500331FBC;
			productRefGroup = 17C9A2B421EC51D500331FBC /* Products */;
			projectDirPath = "";
			projectRoot = "";
			targets = (
				17C9A2B221EC51D500331FBC /* Localisation */,
			);
		};
/* End PBXProject section */

/* Begin PBXResourcesBuildPhase section */
		17C9A2B121EC51D500331FBC /* Resources */ = {
			isa = PBXResourcesBuildPhase;
			buildActionMask = 2147483647;
			files = (
				17C9A2C121EC51D700331FBC /* LaunchScreen.storyboard in Resources */,
				17C9A2CC21EC52E300331FBC /* Localizable.strings in Resources */,
				17C9A2BE21EC51D700331FBC /* Assets.xcassets in Resources */,
				17C9A2BC21EC51D500331FBC /* Main.storyboard in Resources */,
			);
			runOnlyForDeploymentPostprocessing = 0;
		};
/* End PBXResourcesBuildPhase section */

/* Begin PBXSourcesBuildPhase section */
		17C9A2AF21EC51D500331FBC /* Sources */ = {
			isa = PBXSourcesBuildPhase;
			buildActionMask = 2147483647;
			files = (
				17C9A2D121EC55B600331FBC /* LocalizationSystem.swift in Sources */,
				17C9A2B921EC51D500331FBC /* ViewController.swift in Sources */,
				17C9A2B721EC51D500331FBC /* AppDelegate.swift in Sources */,
				17C9A2D521EC698500331FBC /* 2VC.swift in Sources */,
			);
			runOnlyForDeploymentPostprocessing = 0;
		};
/* End PBXSourcesBuildPhase section */

/* Begin PBXVariantGroup section */
		17C9A2BA21EC51D500331FBC /* Main.storyboard */ = {
			isa = PBXVariantGroup;
			children = (
				17C9A2BB21EC51D500331FBC /* Base */,
				17C9A2C821EC528300331FBC /* de */,
			);
			name = Main.storyboard;
			sourceTree = "<group>";
		};
		17C9A2BF21EC51D700331FBC /* LaunchScreen.storyboard */ = {
			isa = PBXVariantGroup;
			children = (
				17C9A2C021EC51D700331FBC /* Base */,
				17C9A2C921EC528300331FBC /* de */,
			);
			name = LaunchScreen.storyboard;
			sourceTree = "<group>";
		};
		17C9A2CE21EC52E300331FBC /* Localizable.strings */ = {
			isa = PBXVariantGroup;
			children = (
				17C9A2CD21EC52E300331FBC /* de */,
				17C9A2CF21EC52EE00331FBC /* en */,
			);
			name = Localizable.strings;
			sourceTree = "<group>";
		};
/* End PBXVariantGroup section */

/* Begin XCBuildConfiguration section */
		17C9A2C321EC51D700331FBC /* Debug */ = {
			isa = XCBuildConfiguration;
			buildSettings = {
				ALWAYS_SEARCH_USER_PATHS = NO;
				CLANG_ANALYZER_LOCALIZABILITY_NONLOCALIZED = YES;
				CLANG_ANALYZER_NONNULL = YES;
				CLANG_ANALYZER_NUMBER_OBJECT_CONVERSION = YES_AGGRESSIVE;
				CLANG_CXX_LANGUAGE_STANDARD = "gnu++14";
				CLANG_CXX_LIBRARY = "libc++";
				CLANG_ENABLE_MODULES = YES;
				CLANG_ENABLE_OBJC_ARC = YES;
				CLANG_ENABLE_OBJC_WEAK = YES;
				CLANG_WARN_BLOCK_CAPTURE_AUTORELEASING = YES;
				CLANG_WARN_BOOL_CONVERSION = YES;
				CLANG_WARN_COMMA = YES;
				CLANG_WARN_CONSTANT_CONVERSION = YES;
				CLANG_WARN_DEPRECATED_OBJC_IMPLEMENTATIONS = YES;
				CLANG_WARN_DIRECT_OBJC_ISA_USAGE = YES_ERROR;
				CLANG_WARN_DOCUMENTATION_COMMENTS = YES;
				CLANG_WARN_EMPTY_BODY = YES;
				CLANG_WARN_ENUM_CONVERSION = YES;
				CLANG_WARN_INFINITE_RECURSION = YES;
				CLANG_WARN_INT_CONVERSION = YES;
				CLANG_WARN_NON_LITERAL_NULL_CONVERSION = YES;
				CLANG_WARN_OBJC_IMPLICIT_RETAIN_SELF = YES;
				CLANG_WARN_OBJC_LITERAL_CONVERSION = YES;
				CLANG_WARN_OBJC_ROOT_CLASS = YES_ERROR;
				CLANG_WARN_RANGE_LOOP_ANALYSIS = YES;
				CLANG_WARN_STRICT_PROTOTYPES = YES;
				CLANG_WARN_SUSPICIOUS_MOVE = YES;
				CLANG_WARN_UNGUARDED_AVAILABILITY = YES_AGGRESSIVE;
				CLANG_WARN_UNREACHABLE_CODE = YES;
				CLANG_WARN__DUPLICATE_METHOD_MATCH = YES;
				CODE_SIGN_IDENTITY = "iPhone Developer";
				COPY_PHASE_STRIP = NO;
				DEBUG_INFORMATION_FORMAT = dwarf;
				ENABLE_STRICT_OBJC_MSGSEND = YES;
				ENABLE_TESTABILITY = YES;
				GCC_C_LANGUAGE_STANDARD = gnu11;
				GCC_DYNAMIC_NO_PIC = NO;
				GCC_NO_COMMON_BLOCKS = YES;
				GCC_OPTIMIZATION_LEVEL = 0;
				GCC_PREPROCESSOR_DEFINITIONS = (
					"DEBUG=1",
					"$(inherited)",
				);
				GCC_WARN_64_TO_32_BIT_CONVERSION = YES;
				GCC_WARN_ABOUT_RETURN_TYPE = YES_ERROR;
				GCC_WARN_UNDECLARED_SELECTOR = YES;
				GCC_WARN_UNINITIALIZED_AUTOS = YES_AGGRESSIVE;
				GCC_WARN_UNUSED_FUNCTION = YES;
				GCC_WARN_UNUSED_VARIABLE = YES;
				IPHONEOS_DEPLOYMENT_TARGET = 12.1;
				MTL_ENABLE_DEBUG_INFO = INCLUDE_SOURCE;
				MTL_FAST_MATH = YES;
				ONLY_ACTIVE_ARCH = YES;
				SDKROOT = iphoneos;
				SWIFT_ACTIVE_COMPILATION_CONDITIONS = DEBUG;
				SWIFT_OPTIMIZATION_LEVEL = "-Onone";
			};
			name = Debug;
		};
		17C9A2C421EC51D700331FBC /* Release */ = {
			isa = XCBuildConfiguration;
			buildSettings = {
				ALWAYS_SEARCH_USER_PATHS = NO;
				CLANG_ANALYZER_LOCALIZABILITY_NONLOCALIZED = YES;
				CLANG_ANALYZER_NONNULL = YES;
				CLANG_ANALYZER_NUMBER_OBJECT_CONVERSION = YES_AGGRESSIVE;
				CLANG_CXX_LANGUAGE_STANDARD = "gnu++14";
				CLANG_CXX_LIBRARY = "libc++";
				CLANG_ENABLE_MODULES = YES;
				CLANG_ENABLE_OBJC_ARC = YES;
				CLANG_ENABLE_OBJC_WEAK = YES;
				CLANG_WARN_BLOCK_CAPTURE_AUTORELEASING = YES;
				CLANG_WARN_BOOL_CONVERSION = YES;
				CLANG_WARN_COMMA = YES;
				CLANG_WARN_CONSTANT_CONVERSION = YES;
				CLANG_WARN_DEPRECATED_OBJC_IMPLEMENTATIONS = YES;
				CLANG_WARN_DIRECT_OBJC_ISA_USAGE = YES_ERROR;
				CLANG_WARN_DOCUMENTATION_COMMENTS = YES;
				CLANG_WARN_EMPTY_BODY = YES;
				CLANG_WARN_ENUM_CONVERSION = YES;
				CLANG_WARN_INFINITE_RECURSION = YES;
				CLANG_WARN_INT_CONVERSION = YES;
				CLANG_WARN_NON_LITERAL_NULL_CONVERSION = YES;
				CLANG_WARN_OBJC_IMPLICIT_RETAIN_SELF = YES;
				CLANG_WARN_OBJC_LITERAL_CONVERSION = YES;
				CLANG_WARN_OBJC_ROOT_CLASS = YES_ERROR;
				CLANG_WARN_RANGE_LOOP_ANALYSIS = YES;
				CLANG_WARN_STRICT_PROTOTYPES = YES;
				CLANG_WARN_SUSPICIOUS_MOVE = YES;
				CLANG_WARN_UNGUARDED_AVAILABILITY = YES_AGGRESSIVE;
				CLANG_WARN_UNREACHABLE_CODE = YES;
				CLANG_WARN__DUPLICATE_METHOD_MATCH = YES;
				CODE_SIGN_IDENTITY = "iPhone Developer";
				COPY_PHASE_STRIP = NO;
				DEBUG_INFORMATION_FORMAT = "dwarf-with-dsym";
				ENABLE_NS_ASSERTIONS = NO;
				ENABLE_STRICT_OBJC_MSGSEND = YES;
				GCC_C_LANGUAGE_STANDARD = gnu11;
				GCC_NO_COMMON_BLOCKS = YES;
				GCC_WARN_64_TO_32_BIT_CONVERSION = YES;
				GCC_WARN_ABOUT_RETURN_TYPE = YES_ERROR;
				GCC_WARN_UNDECLARED_SELECTOR = YES;
				GCC_WARN_UNINITIALIZED_AUTOS = YES_AGGRESSIVE;
				GCC_WARN_UNUSED_FUNCTION = YES;
				GCC_WARN_UNUSED_VARIABLE = YES;
				IPHONEOS_DEPLOYMENT_TARGET = 12.1;
				MTL_ENABLE_DEBUG_INFO = NO;
				MTL_FAST_MATH = YES;
				SDKROOT = iphoneos;
				SWIFT_COMPILATION_MODE = wholemodule;
				SWIFT_OPTIMIZATION_LEVEL = "-O";
				VALIDATE_PRODUCT = YES;
			};
			name = Release;
		};
		17C9A2C621EC51D700331FBC /* Debug */ = {
			isa = XCBuildConfiguration;
			buildSettings = {
				ASSETCATALOG_COMPILER_APPICON_NAME = AppIcon;
				CODE_SIGN_STYLE = Automatic;
				DEVELOPMENT_TEAM = VN4VFMD643;
				INFOPLIST_FILE = Localisation/Info.plist;
				LD_RUNPATH_SEARCH_PATHS = (
					"$(inherited)",
					"@executable_path/Frameworks",
				);
				PRODUCT_BUNDLE_IDENTIFIER = www.rwdev.com.Localisation;
				PRODUCT_NAME = "$(TARGET_NAME)";
				SWIFT_VERSION = 4.2;
				TARGETED_DEVICE_FAMILY = "1,2";
			};
			name = Debug;
		};
		17C9A2C721EC51D700331FBC /* Release */ = {
			isa = XCBuildConfiguration;
			buildSettings = {
				ASSETCATALOG_COMPILER_APPICON_NAME = AppIcon;
				CODE_SIGN_STYLE = Automatic;
				DEVELOPMENT_TEAM = VN4VFMD643;
				INFOPLIST_FILE = Localisation/Info.plist;
				LD_RUNPATH_SEARCH_PATHS = (
					"$(inherited)",
					"@executable_path/Frameworks",
				);
				PRODUCT_BUNDLE_IDENTIFIER = www.rwdev.com.Localisation;
				PRODUCT_NAME = "$(TARGET_NAME)";
				SWIFT_VERSION = 4.2;
				TARGETED_DEVICE_FAMILY = "1,2";
			};
			name = Release;
		};
/* End XCBuildConfiguration section */

/* Begin XCConfigurationList section */
		17C9A2AE21EC51D500331FBC /* Build configuration list for PBXProject "Localisation" */ = {
			isa = XCConfigurationList;
			buildConfigurations = (
				17C9A2C321EC51D700331FBC /* Debug */,
				17C9A2C421EC51D700331FBC /* Release */,
			);
			defaultConfigurationIsVisible = 0;
			defaultConfigurationName = Release;
		};
		17C9A2C521EC51D700331FBC /* Build configuration list for PBXNativeTarget "Localisation" */ = {
			isa = XCConfigurationList;
			buildConfigurations = (
				17C9A2C621EC51D700331FBC /* Debug */,
				17C9A2C721EC51D700331FBC /* Release */,
			);
			defaultConfigurationIsVisible = 0;
			defaultConfigurationName = Release;
		};
/* End XCConfigurationList section */
	};
	rootObject = 17C9A2AB21EC51D500331FBC /* Project object */;
}
